
Microsoft Visual Studio Solution File, Format Version 12.00
# Visual Studio 15
VisualStudioVersion = 15.0.27130.2027
MinimumVisualStudioVersion = 10.0.40219.1
Project("{159641D6-6404-4A2A-AE62-294DE0FE8301}") = "ETLpackages", "ETLpackages.dtproj", "{66F7EF88-ED19-4BB4-B495-F987DE27907C}"
EndProject
Global
	GlobalSection(SolutionConfigurationPlatforms) = preSolution
		Development|Default = Development|Default
	EndGlobalSection
	GlobalSection(ProjectConfigurationPlatforms) = postSolution
		{66F7EF88-ED19-4BB4-B495-F987DE27907C}.Development|Default.ActiveCfg = Development
		{66F7EF88-ED19-4BB4-B495-F987DE27907C}.Development|Default.Build.0 = Development
	EndGlobalSection
	GlobalSection(SolutionProperties) = preSolution
		HideSolutionNode = FALSE
	EndGlobalSection
	GlobalSection(ExtensibilityGlobals) = postSolution
		SolutionGuid = {0313BEE8-C0B6-4526-AE53-F4DC62173411}
	EndGlobalSection
EndGlobal
